
Microsoft Visual Studio Solution File, Format Version 12.00
# Visual Studio Version 17
VisualStudioVersion = 17.2.32505.173
MinimumVisualStudioVersion = 10.0.40219.1
Project("{2150E333-8FDC-42A3-9474-1A3956D46DE8}") = "Test", "Test", "{0F2AA2B4-3084-43E6-ACE2-50EC37FBCF35}"
EndProject
Project("{2150E333-8FDC-42A3-9474-1A3956D46DE8}") = "Source", "Source", "{707A12BD-6DF6-43DD-9207-3038F4D569A4}"
EndProject
Project("{2150E333-8FDC-42A3-9474-1A3956D46DE8}") = "Services", "Services", "{3B0DC4EC-110A-4016-9620-82B4F411F3DC}"
EndProject
Project("{2150E333-8FDC-42A3-9474-1A3956D46DE8}") = "Order", "Order", "{041824F9-5591-4300-85A9-DD9B5432B53D}"
EndProject
Project("{2150E333-8FDC-42A3-9474-1A3956D46DE8}") = "Base", "Base", "{C64E7CBA-CE81-4EB0-BB0A-A6E58C89DA30}"
EndProject
Project("{2150E333-8FDC-42A3-9474-1A3956D46DE8}") = "Api Gateway", "Api Gateway", "{D08B003A-CAEA-44E1-BD6F-15C51375D100}"
EndProject
Project("{2150E333-8FDC-42A3-9474-1A3956D46DE8}") = "Data", "Data", "{24BBBF21-FB50-4A02-BC8F-00C2F5C98D96}"
EndProject
Project("{2150E333-8FDC-42A3-9474-1A3956D46DE8}") = "Entities", "Entities", "{5649B1FC-7029-4855-A84B-4ADBC66332BC}"
EndProject
Project("{2150E333-8FDC-42A3-9474-1A3956D46DE8}") = "EventBus", "EventBus", "{C182C63B-1B77-4E73-ABE7-E4959073AB91}"
EndProject
Project("{2150E333-8FDC-42A3-9474-1A3956D46DE8}") = "Models", "Models", "{EFB21FC0-851B-420D-886E-A169B00103FC}"
EndProject
Project("{2150E333-8FDC-42A3-9474-1A3956D46DE8}") = "Services", "Services", "{20AA4D5E-C53A-4CD3-A3CB-54E8FF8ED5BA}"
EndProject
Project("{2150E333-8FDC-42A3-9474-1A3956D46DE8}") = "HttpAggregator", "HttpAggregator", "{D40E1BED-0EA1-4DE3-A673-6F4A6DC7A338}"
EndProject
Project("{2150E333-8FDC-42A3-9474-1A3956D46DE8}") = "Ocelot", "Ocelot", "{6367DFB6-53B8-49B1-8C26-480CD54EE55F}"
EndProject
Project("{9A19103F-16F7-4668-BE54-9A1E7A4F7556}") = "DemoBed.Base.Data", "Source\Base\Data\DemoBed.Base.Data\DemoBed.Base.Data.csproj", "{0D9E6B64-9A55-4E5A-8A6E-3AD7E06D2B97}"
EndProject
Project("{9A19103F-16F7-4668-BE54-9A1E7A4F7556}") = "DemoBed.Base.Entities", "Source\Base\Entities\DemoBed.Base.Entities\DemoBed.Base.Entities.csproj", "{D24246AA-3AD0-49BF-864D-10BF8353B553}"
EndProject
Project("{9A19103F-16F7-4668-BE54-9A1E7A4F7556}") = "DemoBed.Base.EventBus", "Source\Base\EventBus\DemoBed.Base.EventBus\DemoBed.Base.EventBus.csproj", "{348CE3CA-3384-4D44-B735-A8C12D1A203F}"
EndProject
Project("{9A19103F-16F7-4668-BE54-9A1E7A4F7556}") = "DemoBed.Base.Models", "Source\Base\Models\DemoBed.Base.Models\DemoBed.Base.Models.csproj", "{9B8C1628-3771-471F-B3AE-9B5012006D19}"
EndProject
Project("{9A19103F-16F7-4668-BE54-9A1E7A4F7556}") = "DemoBed.Base.Services", "Source\Base\Services\DemoBed.Base.Services\DemoBed.Base.Services.csproj", "{A0D5C2A2-244D-4471-B1D1-771D9A08B703}"
EndProject
Project("{2150E333-8FDC-42A3-9474-1A3956D46DE8}") = "Payment", "Payment", "{93F09E5F-473A-4189-A8C9-3C3499801F80}"
EndProject
Project("{2150E333-8FDC-42A3-9474-1A3956D46DE8}") = "Shipping", "Shipping", "{1DDB272D-2CB0-4EBD-AFD9-8DF752ED4F5B}"
EndProject
Project("{9A19103F-16F7-4668-BE54-9A1E7A4F7556}") = "DemoBed.HttpAggregator", "Source\Api Gateway\HttpAggregator\DemoBed.HttpAggregator\DemoBed.HttpAggregator.csproj", "{DFDDA0D7-170C-4129-9832-4B1D80299E71}"
EndProject
Project("{9A19103F-16F7-4668-BE54-9A1E7A4F7556}") = "OelotApiGateway", "Source\Api Gateway\Ocelot\OelotApiGateway\OelotApiGateway.csproj", "{8DD4607F-8CBB-4C57-8FC0-E25C8D42D540}"
EndProject
Project("{9A19103F-16F7-4668-BE54-9A1E7A4F7556}") = "DemoBed.Services.Order.Api", "Source\Services\Order\DemoBed.Services.Order.Api\DemoBed.Services.Order.Api.csproj", "{269EC483-4FD5-41AD-A791-A3AC177AA40F}"
EndProject
Project("{9A19103F-16F7-4668-BE54-9A1E7A4F7556}") = "DemoBed.Services.Payment.Api", "Source\Services\Payment\DemoBed.Services.Payment.Api\DemoBed.Services.Payment.Api.csproj", "{E3146137-658C-45AD-9EBF-DDF454227CBB}"
EndProject
Project("{9A19103F-16F7-4668-BE54-9A1E7A4F7556}") = "DemoBed.Services.Shipping.Api", "Source\Services\Shipping\DemoBed.Services.Shipping.Api\DemoBed.Services.Shipping.Api.csproj", "{A6565EEA-5C89-40CB-9A5F-05D7F486BF14}"
EndProject
Project("{2150E333-8FDC-42A3-9474-1A3956D46DE8}") = "Identity", "Identity", "{A69315C0-1D02-4B39-984A-79146A2D2222}"
EndProject
Project("{9A19103F-16F7-4668-BE54-9A1E7A4F7556}") = "DemoBed.Services.Identity", "Source\Services\Identity\DemoBed.Services.Identity\DemoBed.Services.Identity.csproj", "{9F09E858-00A2-4F2B-B8A4-506D644CA165}"
EndProject
Project("{2150E333-8FDC-42A3-9474-1A3956D46DE8}") = "UnitTest", "UnitTest", "{EA0581B7-A2F9-46AC-B5B5-237E4507731B}"
EndProject
Project("{2150E333-8FDC-42A3-9474-1A3956D46DE8}") = "IntegrationTest", "IntegrationTest", "{D549FA6F-C8CB-43AC-8B9D-8AD05BCBDC9E}"
EndProject
Project("{9A19103F-16F7-4668-BE54-9A1E7A4F7556}") = "DemoBed.Test.Services.Order.UnitTest", "Test\UnitTest\DemoBed.Test.Services.Order.UnitTest\DemoBed.Test.Services.Order.UnitTest.csproj", "{8F913E46-E6A6-4C25-A4F1-9D60D22A01F3}"
EndProject
Project("{9A19103F-16F7-4668-BE54-9A1E7A4F7556}") = "DemoBed.Test.Services.Order.IntegrationTest", "Test\IntegrationTest\DemoBed.Test.Services.Order.IntegrationTest\DemoBed.Test.Services.Order.IntegrationTest.csproj", "{DD6AD22F-793F-4FC6-84CC-6E910A67EF83}"
EndProject
Project("{9A19103F-16F7-4668-BE54-9A1E7A4F7556}") = "DemoBed.Services.Order.Application", "Source\Services\Order\DemoBed.Services.Order.Application\DemoBed.Services.Order.Application.csproj", "{709C1F55-480F-43DA-AD34-EB3BA61F50BE}"
EndProject
Project("{9A19103F-16F7-4668-BE54-9A1E7A4F7556}") = "DemoBed.Services.Order.Domain", "Source\Services\Order\DemoBed.Services.Order.Domain\DemoBed.Services.Order.Domain.csproj", "{48A22410-A8A5-4100-8107-98FEBA6E0EFE}"
EndProject
Project("{9A19103F-16F7-4668-BE54-9A1E7A4F7556}") = "DemoBed.Services.Order.Persistence", "Source\Services\Order\DemoBed.Services.Order.Persistence\DemoBed.Services.Order.Persistence.csproj", "{6F354FC4-B54F-414F-B0EF-E944896F3FF2}"
EndProject
Project("{9A19103F-16F7-4668-BE54-9A1E7A4F7556}") = "DemoBed.Services.Payment.ApplicationService", "Source\Services\Payment\DemoBed.Services.Payment.ApplicationService\DemoBed.Services.Payment.ApplicationService.csproj", "{0E469787-6E9F-4175-AC5A-F33E36ABBC96}"
EndProject
Project("{9A19103F-16F7-4668-BE54-9A1E7A4F7556}") = "DemoBed.Services.Payment.Data", "Source\Services\Payment\DemoBed.Services.Payment.Data\DemoBed.Services.Payment.Data.csproj", "{6D8572D4-5A3C-42EA-ADC0-C90E7B4F88A0}"
EndProject
Project("{9A19103F-16F7-4668-BE54-9A1E7A4F7556}") = "DemoBed.Services.Shipping.ApplicationService", "Source\Services\Shipping\DemoBed.Services.Shipping.ApplicationService\DemoBed.Services.Shipping.ApplicationService.csproj", "{32449751-8600-4906-B71F-710329FFB6E2}"
EndProject
Project("{9A19103F-16F7-4668-BE54-9A1E7A4F7556}") = "DemoBed.Services.Shipping.Data", "Source\Services\Shipping\DemoBed.Services.Shipping.Data\DemoBed.Services.Shipping.Data.csproj", "{A7FE7131-FC3D-4EDA-B5AE-DA53C6F03159}"
EndProject
Project("{2150E333-8FDC-42A3-9474-1A3956D46DE8}") = "Messaging", "Messaging", "{0B6419F5-A9FF-4681-9C0D-F18ECBE3F475}"
EndProject
Project("{9A19103F-16F7-4668-BE54-9A1E7A4F7556}") = "DemoBed.Services.Messaging.Api", "Source\Services\Messaging\DemoBed.Services.Messaging.Api\DemoBed.Services.Messaging.Api.csproj", "{8CE0B7B0-ADB0-47A0-A8DA-1D5FAD356C45}"
EndProject
Project("{9A19103F-16F7-4668-BE54-9A1E7A4F7556}") = "DemoBed.Services.Messaging.Application", "Source\Services\Messaging\DemoBed.Services.Messaging.Application\DemoBed.Services.Messaging.Application.csproj", "{190514A9-A5CB-4826-9FF5-F477073DCDA5}"
EndProject
Project("{9A19103F-16F7-4668-BE54-9A1E7A4F7556}") = "DemoBed.Services.Messaging.Domain", "Source\Services\Messaging\DemoBed.Services.Messaging.Domain\DemoBed.Services.Messaging.Domain.csproj", "{ED9023E7-E44B-4E81-AAED-1C7F0C2F841C}"
EndProject
Project("{9A19103F-16F7-4668-BE54-9A1E7A4F7556}") = "DemoBed.Services.Messaging.Persistence", "Source\Services\Messaging\DemoBed.Services.Messaging.Persistence\DemoBed.Services.Messaging.Persistence.csproj", "{334EA7B2-E119-4F65-8C6A-E30C9A370CAB}"
EndProject
Project("{2150E333-8FDC-42A3-9474-1A3956D46DE8}") = "ExceptionHandling", "ExceptionHandling", "{7F2B0109-1F41-4A54-A3CB-30D658054F70}"
EndProject
Project("{FAE04EC0-301F-11D3-BF4B-00C04F79EFBC}") = "DemoBed.Base.ExceptionHandling,Middleware", "Source\Base\ExeptionHandling\DemoBed.Base.ExceptionHandling,Middleware\DemoBed.Base.ExceptionHandling,Middleware.csproj", "{CA191C71-D4F8-4FF2-AA7D-9D14C1D688AB}"
EndProject
Global
	GlobalSection(SolutionConfigurationPlatforms) = preSolution
		Debug|Any CPU = Debug|Any CPU
		Release|Any CPU = Release|Any CPU
	EndGlobalSection
	GlobalSection(ProjectConfigurationPlatforms) = postSolution
		{0D9E6B64-9A55-4E5A-8A6E-3AD7E06D2B97}.Debug|Any CPU.ActiveCfg = Debug|Any CPU
		{0D9E6B64-9A55-4E5A-8A6E-3AD7E06D2B97}.Debug|Any CPU.Build.0 = Debug|Any CPU
		{0D9E6B64-9A55-4E5A-8A6E-3AD7E06D2B97}.Release|Any CPU.ActiveCfg = Release|Any CPU
		{0D9E6B64-9A55-4E5A-8A6E-3AD7E06D2B97}.Release|Any CPU.Build.0 = Release|Any CPU
		{D24246AA-3AD0-49BF-864D-10BF8353B553}.Debug|Any CPU.ActiveCfg = Debug|Any CPU
		{D24246AA-3AD0-49BF-864D-10BF8353B553}.Debug|Any CPU.Build.0 = Debug|Any CPU
		{D24246AA-3AD0-49BF-864D-10BF8353B553}.Release|Any CPU.ActiveCfg = Release|Any CPU
		{D24246AA-3AD0-49BF-864D-10BF8353B553}.Release|Any CPU.Build.0 = Release|Any CPU
		{348CE3CA-3384-4D44-B735-A8C12D1A203F}.Debug|Any CPU.ActiveCfg = Debug|Any CPU
		{348CE3CA-3384-4D44-B735-A8C12D1A203F}.Debug|Any CPU.Build.0 = Debug|Any CPU
		{348CE3CA-3384-4D44-B735-A8C12D1A203F}.Release|Any CPU.ActiveCfg = Release|Any CPU
		{348CE3CA-3384-4D44-B735-A8C12D1A203F}.Release|Any CPU.Build.0 = Release|Any CPU
		{9B8C1628-3771-471F-B3AE-9B5012006D19}.Debug|Any CPU.ActiveCfg = Debug|Any CPU
		{9B8C1628-3771-471F-B3AE-9B5012006D19}.Debug|Any CPU.Build.0 = Debug|Any CPU
		{9B8C1628-3771-471F-B3AE-9B5012006D19}.Release|Any CPU.ActiveCfg = Release|Any CPU
		{9B8C1628-3771-471F-B3AE-9B5012006D19}.Release|Any CPU.Build.0 = Release|Any CPU
		{A0D5C2A2-244D-4471-B1D1-771D9A08B703}.Debug|Any CPU.ActiveCfg = Debug|Any CPU
		{A0D5C2A2-244D-4471-B1D1-771D9A08B703}.Debug|Any CPU.Build.0 = Debug|Any CPU
		{A0D5C2A2-244D-4471-B1D1-771D9A08B703}.Release|Any CPU.ActiveCfg = Release|Any CPU
		{A0D5C2A2-244D-4471-B1D1-771D9A08B703}.Release|Any CPU.Build.0 = Release|Any CPU
		{DFDDA0D7-170C-4129-9832-4B1D80299E71}.Debug|Any CPU.ActiveCfg = Debug|Any CPU
		{DFDDA0D7-170C-4129-9832-4B1D80299E71}.Debug|Any CPU.Build.0 = Debug|Any CPU
		{DFDDA0D7-170C-4129-9832-4B1D80299E71}.Release|Any CPU.ActiveCfg = Release|Any CPU
		{DFDDA0D7-170C-4129-9832-4B1D80299E71}.Release|Any CPU.Build.0 = Release|Any CPU
		{8DD4607F-8CBB-4C57-8FC0-E25C8D42D540}.Debug|Any CPU.ActiveCfg = Debug|Any CPU
		{8DD4607F-8CBB-4C57-8FC0-E25C8D42D540}.Debug|Any CPU.Build.0 = Debug|Any CPU
		{8DD4607F-8CBB-4C57-8FC0-E25C8D42D540}.Release|Any CPU.ActiveCfg = Release|Any CPU
		{8DD4607F-8CBB-4C57-8FC0-E25C8D42D540}.Release|Any CPU.Build.0 = Release|Any CPU
		{269EC483-4FD5-41AD-A791-A3AC177AA40F}.Debug|Any CPU.ActiveCfg = Debug|Any CPU
		{269EC483-4FD5-41AD-A791-A3AC177AA40F}.Debug|Any CPU.Build.0 = Debug|Any CPU
		{269EC483-4FD5-41AD-A791-A3AC177AA40F}.Release|Any CPU.ActiveCfg = Release|Any CPU
		{269EC483-4FD5-41AD-A791-A3AC177AA40F}.Release|Any CPU.Build.0 = Release|Any CPU
		{E3146137-658C-45AD-9EBF-DDF454227CBB}.Debug|Any CPU.ActiveCfg = Debug|Any CPU
		{E3146137-658C-45AD-9EBF-DDF454227CBB}.Debug|Any CPU.Build.0 = Debug|Any CPU
		{E3146137-658C-45AD-9EBF-DDF454227CBB}.Release|Any CPU.ActiveCfg = Release|Any CPU
		{E3146137-658C-45AD-9EBF-DDF454227CBB}.Release|Any CPU.Build.0 = Release|Any CPU
		{A6565EEA-5C89-40CB-9A5F-05D7F486BF14}.Debug|Any CPU.ActiveCfg = Debug|Any CPU
		{A6565EEA-5C89-40CB-9A5F-05D7F486BF14}.Debug|Any CPU.Build.0 = Debug|Any CPU
		{A6565EEA-5C89-40CB-9A5F-05D7F486BF14}.Release|Any CPU.ActiveCfg = Release|Any CPU
		{A6565EEA-5C89-40CB-9A5F-05D7F486BF14}.Release|Any CPU.Build.0 = Release|Any CPU
		{9F09E858-00A2-4F2B-B8A4-506D644CA165}.Debug|Any CPU.ActiveCfg = Debug|Any CPU
		{9F09E858-00A2-4F2B-B8A4-506D644CA165}.Debug|Any CPU.Build.0 = Debug|Any CPU
		{9F09E858-00A2-4F2B-B8A4-506D644CA165}.Release|Any CPU.ActiveCfg = Release|Any CPU
		{9F09E858-00A2-4F2B-B8A4-506D644CA165}.Release|Any CPU.Build.0 = Release|Any CPU
		{8F913E46-E6A6-4C25-A4F1-9D60D22A01F3}.Debug|Any CPU.ActiveCfg = Debug|Any CPU
		{8F913E46-E6A6-4C25-A4F1-9D60D22A01F3}.Debug|Any CPU.Build.0 = Debug|Any CPU
		{8F913E46-E6A6-4C25-A4F1-9D60D22A01F3}.Release|Any CPU.ActiveCfg = Release|Any CPU
		{8F913E46-E6A6-4C25-A4F1-9D60D22A01F3}.Release|Any CPU.Build.0 = Release|Any CPU
		{DD6AD22F-793F-4FC6-84CC-6E910A67EF83}.Debug|Any CPU.ActiveCfg = Debug|Any CPU
		{DD6AD22F-793F-4FC6-84CC-6E910A67EF83}.Debug|Any CPU.Build.0 = Debug|Any CPU
		{DD6AD22F-793F-4FC6-84CC-6E910A67EF83}.Release|Any CPU.ActiveCfg = Release|Any CPU
		{DD6AD22F-793F-4FC6-84CC-6E910A67EF83}.Release|Any CPU.Build.0 = Release|Any CPU
		{709C1F55-480F-43DA-AD34-EB3BA61F50BE}.Debug|Any CPU.ActiveCfg = Debug|Any CPU
		{709C1F55-480F-43DA-AD34-EB3BA61F50BE}.Debug|Any CPU.Build.0 = Debug|Any CPU
		{709C1F55-480F-43DA-AD34-EB3BA61F50BE}.Release|Any CPU.ActiveCfg = Release|Any CPU
		{709C1F55-480F-43DA-AD34-EB3BA61F50BE}.Release|Any CPU.Build.0 = Release|Any CPU
		{48A22410-A8A5-4100-8107-98FEBA6E0EFE}.Debug|Any CPU.ActiveCfg = Debug|Any CPU
		{48A22410-A8A5-4100-8107-98FEBA6E0EFE}.Debug|Any CPU.Build.0 = Debug|Any CPU
		{48A22410-A8A5-4100-8107-98FEBA6E0EFE}.Release|Any CPU.ActiveCfg = Release|Any CPU
		{48A22410-A8A5-4100-8107-98FEBA6E0EFE}.Release|Any CPU.Build.0 = Release|Any CPU
		{6F354FC4-B54F-414F-B0EF-E944896F3FF2}.Debug|Any CPU.ActiveCfg = Debug|Any CPU
		{6F354FC4-B54F-414F-B0EF-E944896F3FF2}.Debug|Any CPU.Build.0 = Debug|Any CPU
		{6F354FC4-B54F-414F-B0EF-E944896F3FF2}.Release|Any CPU.ActiveCfg = Release|Any CPU
		{6F354FC4-B54F-414F-B0EF-E944896F3FF2}.Release|Any CPU.Build.0 = Release|Any CPU
		{0E469787-6E9F-4175-AC5A-F33E36ABBC96}.Debug|Any CPU.ActiveCfg = Debug|Any CPU
		{0E469787-6E9F-4175-AC5A-F33E36ABBC96}.Debug|Any CPU.Build.0 = Debug|Any CPU
		{0E469787-6E9F-4175-AC5A-F33E36ABBC96}.Release|Any CPU.ActiveCfg = Release|Any CPU
		{0E469787-6E9F-4175-AC5A-F33E36ABBC96}.Release|Any CPU.Build.0 = Release|Any CPU
		{6D8572D4-5A3C-42EA-ADC0-C90E7B4F88A0}.Debug|Any CPU.ActiveCfg = Debug|Any CPU
		{6D8572D4-5A3C-42EA-ADC0-C90E7B4F88A0}.Debug|Any CPU.Build.0 = Debug|Any CPU
		{6D8572D4-5A3C-42EA-ADC0-C90E7B4F88A0}.Release|Any CPU.ActiveCfg = Release|Any CPU
		{6D8572D4-5A3C-42EA-ADC0-C90E7B4F88A0}.Release|Any CPU.Build.0 = Release|Any CPU
		{32449751-8600-4906-B71F-710329FFB6E2}.Debug|Any CPU.ActiveCfg = Debug|Any CPU
		{32449751-8600-4906-B71F-710329FFB6E2}.Debug|Any CPU.Build.0 = Debug|Any CPU
		{32449751-8600-4906-B71F-710329FFB6E2}.Release|Any CPU.ActiveCfg = Release|Any CPU
		{32449751-8600-4906-B71F-710329FFB6E2}.Release|Any CPU.Build.0 = Release|Any CPU
		{A7FE7131-FC3D-4EDA-B5AE-DA53C6F03159}.Debug|Any CPU.ActiveCfg = Debug|Any CPU
		{A7FE7131-FC3D-4EDA-B5AE-DA53C6F03159}.Debug|Any CPU.Build.0 = Debug|Any CPU
		{A7FE7131-FC3D-4EDA-B5AE-DA53C6F03159}.Release|Any CPU.ActiveCfg = Release|Any CPU
		{A7FE7131-FC3D-4EDA-B5AE-DA53C6F03159}.Release|Any CPU.Build.0 = Release|Any CPU
		{8CE0B7B0-ADB0-47A0-A8DA-1D5FAD356C45}.Debug|Any CPU.ActiveCfg = Debug|Any CPU
		{8CE0B7B0-ADB0-47A0-A8DA-1D5FAD356C45}.Debug|Any CPU.Build.0 = Debug|Any CPU
		{8CE0B7B0-ADB0-47A0-A8DA-1D5FAD356C45}.Release|Any CPU.ActiveCfg = Release|Any CPU
		{8CE0B7B0-ADB0-47A0-A8DA-1D5FAD356C45}.Release|Any CPU.Build.0 = Release|Any CPU
		{190514A9-A5CB-4826-9FF5-F477073DCDA5}.Debug|Any CPU.ActiveCfg = Debug|Any CPU
		{190514A9-A5CB-4826-9FF5-F477073DCDA5}.Debug|Any CPU.Build.0 = Debug|Any CPU
		{190514A9-A5CB-4826-9FF5-F477073DCDA5}.Release|Any CPU.ActiveCfg = Release|Any CPU
		{190514A9-A5CB-4826-9FF5-F477073DCDA5}.Release|Any CPU.Build.0 = Release|Any CPU
		{ED9023E7-E44B-4E81-AAED-1C7F0C2F841C}.Debug|Any CPU.ActiveCfg = Debug|Any CPU
		{ED9023E7-E44B-4E81-AAED-1C7F0C2F841C}.Debug|Any CPU.Build.0 = Debug|Any CPU
		{ED9023E7-E44B-4E81-AAED-1C7F0C2F841C}.Release|Any CPU.ActiveCfg = Release|Any CPU
		{ED9023E7-E44B-4E81-AAED-1C7F0C2F841C}.Release|Any CPU.Build.0 = Release|Any CPU
		{334EA7B2-E119-4F65-8C6A-E30C9A370CAB}.Debug|Any CPU.ActiveCfg = Debug|Any CPU
		{334EA7B2-E119-4F65-8C6A-E30C9A370CAB}.Debug|Any CPU.Build.0 = Debug|Any CPU
		{334EA7B2-E119-4F65-8C6A-E30C9A370CAB}.Release|Any CPU.ActiveCfg = Release|Any CPU
		{334EA7B2-E119-4F65-8C6A-E30C9A370CAB}.Release|Any CPU.Build.0 = Release|Any CPU
		{CA191C71-D4F8-4FF2-AA7D-9D14C1D688AB}.Debug|Any CPU.ActiveCfg = Debug|Any CPU
		{CA191C71-D4F8-4FF2-AA7D-9D14C1D688AB}.Debug|Any CPU.Build.0 = Debug|Any CPU
		{CA191C71-D4F8-4FF2-AA7D-9D14C1D688AB}.Release|Any CPU.ActiveCfg = Release|Any CPU
		{CA191C71-D4F8-4FF2-AA7D-9D14C1D688AB}.Release|Any CPU.Build.0 = Release|Any CPU
	EndGlobalSection
	GlobalSection(SolutionProperties) = preSolution
		HideSolutionNode = FALSE
	EndGlobalSection
	GlobalSection(NestedProjects) = preSolution
		{3B0DC4EC-110A-4016-9620-82B4F411F3DC} = {707A12BD-6DF6-43DD-9207-3038F4D569A4}
		{041824F9-5591-4300-85A9-DD9B5432B53D} = {3B0DC4EC-110A-4016-9620-82B4F411F3DC}
		{C64E7CBA-CE81-4EB0-BB0A-A6E58C89DA30} = {707A12BD-6DF6-43DD-9207-3038F4D569A4}
		{D08B003A-CAEA-44E1-BD6F-15C51375D100} = {707A12BD-6DF6-43DD-9207-3038F4D569A4}
		{24BBBF21-FB50-4A02-BC8F-00C2F5C98D96} = {C64E7CBA-CE81-4EB0-BB0A-A6E58C89DA30}
		{5649B1FC-7029-4855-A84B-4ADBC66332BC} = {C64E7CBA-CE81-4EB0-BB0A-A6E58C89DA30}
		{C182C63B-1B77-4E73-ABE7-E4959073AB91} = {C64E7CBA-CE81-4EB0-BB0A-A6E58C89DA30}
		{EFB21FC0-851B-420D-886E-A169B00103FC} = {C64E7CBA-CE81-4EB0-BB0A-A6E58C89DA30}
		{20AA4D5E-C53A-4CD3-A3CB-54E8FF8ED5BA} = {C64E7CBA-CE81-4EB0-BB0A-A6E58C89DA30}
		{D40E1BED-0EA1-4DE3-A673-6F4A6DC7A338} = {D08B003A-CAEA-44E1-BD6F-15C51375D100}
		{6367DFB6-53B8-49B1-8C26-480CD54EE55F} = {D08B003A-CAEA-44E1-BD6F-15C51375D100}
		{0D9E6B64-9A55-4E5A-8A6E-3AD7E06D2B97} = {24BBBF21-FB50-4A02-BC8F-00C2F5C98D96}
		{D24246AA-3AD0-49BF-864D-10BF8353B553} = {5649B1FC-7029-4855-A84B-4ADBC66332BC}
		{348CE3CA-3384-4D44-B735-A8C12D1A203F} = {C182C63B-1B77-4E73-ABE7-E4959073AB91}
		{9B8C1628-3771-471F-B3AE-9B5012006D19} = {EFB21FC0-851B-420D-886E-A169B00103FC}
		{A0D5C2A2-244D-4471-B1D1-771D9A08B703} = {20AA4D5E-C53A-4CD3-A3CB-54E8FF8ED5BA}
		{93F09E5F-473A-4189-A8C9-3C3499801F80} = {3B0DC4EC-110A-4016-9620-82B4F411F3DC}
		{1DDB272D-2CB0-4EBD-AFD9-8DF752ED4F5B} = {3B0DC4EC-110A-4016-9620-82B4F411F3DC}
		{DFDDA0D7-170C-4129-9832-4B1D80299E71} = {D40E1BED-0EA1-4DE3-A673-6F4A6DC7A338}
		{8DD4607F-8CBB-4C57-8FC0-E25C8D42D540} = {6367DFB6-53B8-49B1-8C26-480CD54EE55F}
		{269EC483-4FD5-41AD-A791-A3AC177AA40F} = {041824F9-5591-4300-85A9-DD9B5432B53D}
		{E3146137-658C-45AD-9EBF-DDF454227CBB} = {93F09E5F-473A-4189-A8C9-3C3499801F80}
		{A6565EEA-5C89-40CB-9A5F-05D7F486BF14} = {1DDB272D-2CB0-4EBD-AFD9-8DF752ED4F5B}
		{A69315C0-1D02-4B39-984A-79146A2D2222} = {3B0DC4EC-110A-4016-9620-82B4F411F3DC}
		{9F09E858-00A2-4F2B-B8A4-506D644CA165} = {A69315C0-1D02-4B39-984A-79146A2D2222}
		{EA0581B7-A2F9-46AC-B5B5-237E4507731B} = {0F2AA2B4-3084-43E6-ACE2-50EC37FBCF35}
		{D549FA6F-C8CB-43AC-8B9D-8AD05BCBDC9E} = {0F2AA2B4-3084-43E6-ACE2-50EC37FBCF35}
		{8F913E46-E6A6-4C25-A4F1-9D60D22A01F3} = {EA0581B7-A2F9-46AC-B5B5-237E4507731B}
		{DD6AD22F-793F-4FC6-84CC-6E910A67EF83} = {D549FA6F-C8CB-43AC-8B9D-8AD05BCBDC9E}
		{709C1F55-480F-43DA-AD34-EB3BA61F50BE} = {041824F9-5591-4300-85A9-DD9B5432B53D}
		{48A22410-A8A5-4100-8107-98FEBA6E0EFE} = {041824F9-5591-4300-85A9-DD9B5432B53D}
		{6F354FC4-B54F-414F-B0EF-E944896F3FF2} = {041824F9-5591-4300-85A9-DD9B5432B53D}
		{0E469787-6E9F-4175-AC5A-F33E36ABBC96} = {93F09E5F-473A-4189-A8C9-3C3499801F80}
		{6D8572D4-5A3C-42EA-ADC0-C90E7B4F88A0} = {93F09E5F-473A-4189-A8C9-3C3499801F80}
		{32449751-8600-4906-B71F-710329FFB6E2} = {1DDB272D-2CB0-4EBD-AFD9-8DF752ED4F5B}
		{A7FE7131-FC3D-4EDA-B5AE-DA53C6F03159} = {1DDB272D-2CB0-4EBD-AFD9-8DF752ED4F5B}
		{0B6419F5-A9FF-4681-9C0D-F18ECBE3F475} = {3B0DC4EC-110A-4016-9620-82B4F411F3DC}
		{8CE0B7B0-ADB0-47A0-A8DA-1D5FAD356C45} = {0B6419F5-A9FF-4681-9C0D-F18ECBE3F475}
		{190514A9-A5CB-4826-9FF5-F477073DCDA5} = {0B6419F5-A9FF-4681-9C0D-F18ECBE3F475}
		{ED9023E7-E44B-4E81-AAED-1C7F0C2F841C} = {0B6419F5-A9FF-4681-9C0D-F18ECBE3F475}
		{334EA7B2-E119-4F65-8C6A-E30C9A370CAB} = {0B6419F5-A9FF-4681-9C0D-F18ECBE3F475}
		{7F2B0109-1F41-4A54-A3CB-30D658054F70} = {C64E7CBA-CE81-4EB0-BB0A-A6E58C89DA30}
		{CA191C71-D4F8-4FF2-AA7D-9D14C1D688AB} = {7F2B0109-1F41-4A54-A3CB-30D658054F70}
	EndGlobalSection
	GlobalSection(ExtensibilityGlobals) = postSolution
		SolutionGuid = {51EAB7A3-073A-486F-AF94-3D0308A3BC85}
	EndGlobalSection
EndGlobal
